// !$*UTF8*$!
{
	archiveVersion = 1;
	classes = {
	};
	objectVersion = 46;
	objects = {

/* Begin PBXBuildFile section */
		39B55C991DE7DAE800900904 /* AppDelegate.swift in Sources */ = {isa = PBXBuildFile; fileRef = 39B55C981DE7DAE800900904 /* AppDelegate.swift */; };
		39B55C9B1DE7DAE800900904 /* Assets.xcassets in Resources */ = {isa = PBXBuildFile; fileRef = 39B55C9A1DE7DAE800900904 /* Assets.xcassets */; };
		39B55C9E1DE7DAE800900904 /* MainMenu.xib in Resources */ = {isa = PBXBuildFile; fileRef = 39B55C9C1DE7DAE800900904 /* MainMenu.xib */; };
		39B55CA61DE7DEE600900904 /* MenuController.swift in Sources */ = {isa = PBXBuildFile; fileRef = 39B55CA51DE7DEE600900904 /* MenuController.swift */; };
		39B55CA91DE7E25500900904 /* PopoverViewController.swift in Sources */ = {isa = PBXBuildFile; fileRef = 39B55CA71DE7E25500900904 /* PopoverViewController.swift */; };
		39B55CAA1DE7E25500900904 /* PopoverViewController.xib in Resources */ = {isa = PBXBuildFile; fileRef = 39B55CA81DE7E25500900904 /* PopoverViewController.xib */; };
/* End PBXBuildFile section */

/* Begin PBXFileReference section */
		39B55C951DE7DAE800900904 /* Unwind.app */ = {isa = PBXFileReference; explicitFileType = wrapper.application; includeInIndex = 0; path = Unwind.app; sourceTree = BUILT_PRODUCTS_DIR; };
		39B55C981DE7DAE800900904 /* AppDelegate.swift */ = {isa = PBXFileReference; lastKnownFileType = sourcecode.swift; path = AppDelegate.swift; sourceTree = "<group>"; };
		39B55C9A1DE7DAE800900904 /* Assets.xcassets */ = {isa = PBXFileReference; lastKnownFileType = folder.assetcatalog; path = Assets.xcassets; sourceTree = "<group>"; };
		39B55C9D1DE7DAE800900904 /* Base */ = {isa = PBXFileReference; lastKnownFileType = file.xib; name = Base; path = Base.lproj/MainMenu.xib; sourceTree = "<group>"; };
		39B55C9F1DE7DAE800900904 /* Info.plist */ = {isa = PBXFileReference; lastKnownFileType = text.plist.xml; path = Info.plist; sourceTree = "<group>"; };
		39B55CA51DE7DEE600900904 /* MenuController.swift */ = {isa = PBXFileReference; fileEncoding = 4; lastKnownFileType = sourcecode.swift; path = MenuController.swift; sourceTree = "<group>"; };
		39B55CA71DE7E25500900904 /* PopoverViewController.swift */ = {isa = PBXFileReference; fileEncoding = 4; lastKnownFileType = sourcecode.swift; path = PopoverViewController.swift; sourceTree = "<group>"; };
		39B55CA81DE7E25500900904 /* PopoverViewController.xib */ = {isa = PBXFileReference; fileEncoding = 4; lastKnownFileType = file.xib; path = PopoverViewController.xib; sourceTree = "<group>"; };
/* End PBXFileReference section */

/* Begin PBXFrameworksBuildPhase section */
		39B55C921DE7DAE800900904 /* Frameworks */ = {
			isa = PBXFrameworksBuildPhase;
			buildActionMask = 2147483647;
			files = (
			);
			runOnlyForDeploymentPostprocessing = 0;
		};
/* End PBXFrameworksBuildPhase section */

/* Begin PBXGroup section */
		39B55C8C1DE7DAE800900904 = {
			isa = PBXGroup;
			children = (
				39B55C971DE7DAE800900904 /* unwind */,
				39B55C961DE7DAE800900904 /* Products */,
			);
			sourceTree = "<group>";
		};
		39B55C961DE7DAE800900904 /* Products */ = {
			isa = PBXGroup;
			children = (
				39B55C951DE7DAE800900904 /* Unwind.app */,
			);
			name = Products;
			sourceTree = "<group>";
		};
		39B55C971DE7DAE800900904 /* unwind */ = {
			isa = PBXGroup;
			children = (
				39B55C981DE7DAE800900904 /* AppDelegate.swift */,
				39B55CA51DE7DEE600900904 /* MenuController.swift */,
				39B55CA71DE7E25500900904 /* PopoverViewController.swift */,
				39B55CA81DE7E25500900904 /* PopoverViewController.xib */,
				39B55C9A1DE7DAE800900904 /* Assets.xcassets */,
				39B55C9C1DE7DAE800900904 /* MainMenu.xib */,
				39B55C9F1DE7DAE800900904 /* Info.plist */,
			);
			path = unwind;
			sourceTree = "<group>";
		};
/* End PBXGroup section */

/* Begin PBXNativeTarget section */
		39B55C941DE7DAE800900904 /* Unwind */ = {
			isa = PBXNativeTarget;
			buildConfigurationList = 39B55CA21DE7DAE800900904 /* Build configuration list for PBXNativeTarget "Unwind" */;
			buildPhases = (
				39B55C911DE7DAE800900904 /* Sources */,
				39B55C921DE7DAE800900904 /* Frameworks */,
				39B55C931DE7DAE800900904 /* Resources */,
			);
			buildRules = (
			);
			dependencies = (
			);
			name = Unwind;
			productName = unwind;
			productReference = 39B55C951DE7DAE800900904 /* Unwind.app */;
			productType = "com.apple.product-type.application";
		};
/* End PBXNativeTarget section */

/* Begin PBXProject section */
		39B55C8D1DE7DAE800900904 /* Project object */ = {
			isa = PBXProject;
			attributes = {
				LastSwiftUpdateCheck = 0810;
				LastUpgradeCheck = 0810;
				ORGANIZATIONNAME = "Edward Loveall";
				TargetAttributes = {
					39B55C941DE7DAE800900904 = {
						CreatedOnToolsVersion = 8.1;
						DevelopmentTeam = 365N6VLRMF;
						ProvisioningStyle = Automatic;
					};
				};
			};
			buildConfigurationList = 39B55C901DE7DAE800900904 /* Build configuration list for PBXProject "unwind" */;
			compatibilityVersion = "Xcode 3.2";
			developmentRegion = English;
			hasScannedForEncodings = 0;
			knownRegions = (
				en,
				Base,
			);
			mainGroup = 39B55C8C1DE7DAE800900904;
			productRefGroup = 39B55C961DE7DAE800900904 /* Products */;
			projectDirPath = "";
			projectRoot = "";
			targets = (
				39B55C941DE7DAE800900904 /* Unwind */,
			);
		};
/* End PBXProject section */

/* Begin PBXResourcesBuildPhase section */
		39B55C931DE7DAE800900904 /* Resources */ = {
			isa = PBXResourcesBuildPhase;
			buildActionMask = 2147483647;
			files = (
				39B55C9B1DE7DAE800900904 /* Assets.xcassets in Resources */,
				39B55C9E1DE7DAE800900904 /* MainMenu.xib in Resources */,
				39B55CAA1DE7E25500900904 /* PopoverViewController.xib in Resources */,
			);
			runOnlyForDeploymentPostprocessing = 0;
		};
/* End PBXResourcesBuildPhase section */

/* Begin PBXSourcesBuildPhase section */
		39B55C911DE7DAE800900904 /* Sources */ = {
			isa = PBXSourcesBuildPhase;
			buildActionMask = 2147483647;
			files = (
				39B55CA61DE7DEE600900904 /* MenuController.swift in Sources */,
				39B55CA91DE7E25500900904 /* PopoverViewController.swift in Sources */,
				39B55C991DE7DAE800900904 /* AppDelegate.swift in Sources */,
			);
			runOnlyForDeploymentPostprocessing = 0;
		};
/* End PBXSourcesBuildPhase section */

/* Begin PBXVariantGroup section */
		39B55C9C1DE7DAE800900904 /* MainMenu.xib */ = {
			isa = PBXVariantGroup;
			children = (
				39B55C9D1DE7DAE800900904 /* Base */,
			);
			name = MainMenu.xib;
			sourceTree = "<group>";
		};
/* End PBXVariantGroup section */

/* Begin XCBuildConfiguration section */
		39B55CA01DE7DAE800900904 /* Debug */ = {
			isa = XCBuildConfiguration;
			buildSettings = {
				ALWAYS_SEARCH_USER_PATHS = NO;
				CLANG_ANALYZER_NONNULL = YES;
				CLANG_CXX_LANGUAGE_STANDARD = "gnu++0x";
				CLANG_CXX_LIBRARY = "libc++";
				CLANG_ENABLE_MODULES = YES;
				CLANG_ENABLE_OBJC_ARC = YES;
				CLANG_WARN_BOOL_CONVERSION = YES;
				CLANG_WARN_CONSTANT_CONVERSION = YES;
				CLANG_WARN_DIRECT_OBJC_ISA_USAGE = YES_ERROR;
				CLANG_WARN_DOCUMENTATION_COMMENTS = YES;
				CLANG_WARN_EMPTY_BODY = YES;
				CLANG_WARN_ENUM_CONVERSION = YES;
				CLANG_WARN_INFINITE_RECURSION = YES;
				CLANG_WARN_INT_CONVERSION = YES;
				CLANG_WARN_OBJC_ROOT_CLASS = YES_ERROR;
				CLANG_WARN_SUSPICIOUS_MOVES = YES;
				CLANG_WARN_UNREACHABLE_CODE = YES;
				CLANG_WARN__DUPLICATE_METHOD_MATCH = YES;
				CODE_SIGN_IDENTITY = "-";
				COPY_PHASE_STRIP = NO;
				DEBUG_INFORMATION_FORMAT = dwarf;
				ENABLE_STRICT_OBJC_MSGSEND = YES;
				ENABLE_TESTABILITY = YES;
				GCC_C_LANGUAGE_STANDARD = gnu99;
				GCC_DYNAMIC_NO_PIC = NO;
				GCC_NO_COMMON_BLOCKS = YES;
				GCC_OPTIMIZATION_LEVEL = 0;
				GCC_PREPROCESSOR_DEFINITIONS = (
					"DEBUG=1",
					"$(inherited)",
				);
				GCC_WARN_64_TO_32_BIT_CONVERSION = YES;
				GCC_WARN_ABOUT_RETURN_TYPE = YES_ERROR;
				GCC_WARN_UNDECLARED_SELECTOR = YES;
				GCC_WARN_UNINITIALIZED_AUTOS = YES_AGGRESSIVE;
				GCC_WARN_UNUSED_FUNCTION = YES;
				GCC_WARN_UNUSED_VARIABLE = YES;
				MACOSX_DEPLOYMENT_TARGET = 10.12;
				MTL_ENABLE_DEBUG_INFO = YES;
				ONLY_ACTIVE_ARCH = YES;
				SDKROOT = macosx;
				SWIFT_ACTIVE_COMPILATION_CONDITIONS = DEBUG;
				SWIFT_OPTIMIZATION_LEVEL = "-Onone";
			};
			name = Debug;
		};
		39B55CA11DE7DAE800900904 /* Release */ = {
			isa = XCBuildConfiguration;
			buildSettings = {
				ALWAYS_SEARCH_USER_PATHS = NO;
				CLANG_ANALYZER_NONNULL = YES;
				CLANG_CXX_LANGUAGE_STANDARD = "gnu++0x";
				CLANG_CXX_LIBRARY = "libc++";
				CLANG_ENABLE_MODULES = YES;
				CLANG_ENABLE_OBJC_ARC = YES;
				CLANG_WARN_BOOL_CONVERSION = YES;
				CLANG_WARN_CONSTANT_CONVERSION = YES;
				CLANG_WARN_DIRECT_OBJC_ISA_USAGE = YES_ERROR;
				CLANG_WARN_DOCUMENTATION_COMMENTS = YES;
				CLANG_WARN_EMPTY_BODY = YES;
				CLANG_WARN_ENUM_CONVERSION = YES;
				CLANG_WARN_INFINITE_RECURSION = YES;
				CLANG_WARN_INT_CONVERSION = YES;
				CLANG_WARN_OBJC_ROOT_CLASS = YES_ERROR;
				CLANG_WARN_SUSPICIOUS_MOVES = YES;
				CLANG_WARN_UNREACHABLE_CODE = YES;
				CLANG_WARN__DUPLICATE_METHOD_MATCH = YES;
				CODE_SIGN_IDENTITY = "-";
				COPY_PHASE_STRIP = NO;
				DEBUG_INFORMATION_FORMAT = "dwarf-with-dsym";
				ENABLE_NS_ASSERTIONS = NO;
				ENABLE_STRICT_OBJC_MSGSEND = YES;
				GCC_C_LANGUAGE_STANDARD = gnu99;
				GCC_NO_COMMON_BLOCKS = YES;
				GCC_WARN_64_TO_32_BIT_CONVERSION = YES;
				GCC_WARN_ABOUT_RETURN_TYPE = YES_ERROR;
				GCC_WARN_UNDECLARED_SELECTOR = YES;
				GCC_WARN_UNINITIALIZED_AUTOS = YES_AGGRESSIVE;
				GCC_WARN_UNUSED_FUNCTION = YES;
				GCC_WARN_UNUSED_VARIABLE = YES;
				MACOSX_DEPLOYMENT_TARGET = 10.12;
				MTL_ENABLE_DEBUG_INFO = NO;
				SDKROOT = macosx;
				SWIFT_OPTIMIZATION_LEVEL = "-Owholemodule";
			};
			name = Release;
		};
		39B55CA31DE7DAE800900904 /* Debug */ = {
			isa = XCBuildConfiguration;
			buildSettings = {
				ASSETCATALOG_COMPILER_APPICON_NAME = AppIcon;
				COMBINE_HIDPI_IMAGES = YES;
				DEVELOPMENT_TEAM = 365N6VLRMF;
				INFOPLIST_FILE = unwind/Info.plist;
				LD_RUNPATH_SEARCH_PATHS = "$(inherited) @executable_path/../Frameworks";
				PRODUCT_BUNDLE_IDENTIFIER = com.edwardloveall.unwind;
				PRODUCT_NAME = "$(TARGET_NAME)";
				SWIFT_VERSION = 3.0;
			};
			name = Debug;
		};
		39B55CA41DE7DAE800900904 /* Release */ = {
			isa = XCBuildConfiguration;
			buildSettings = {
				ASSETCATALOG_COMPILER_APPICON_NAME = AppIcon;
				COMBINE_HIDPI_IMAGES = YES;
				DEVELOPMENT_TEAM = 365N6VLRMF;
				INFOPLIST_FILE = unwind/Info.plist;
				LD_RUNPATH_SEARCH_PATHS = "$(inherited) @executable_path/../Frameworks";
				PRODUCT_BUNDLE_IDENTIFIER = com.edwardloveall.unwind;
				PRODUCT_NAME = "$(TARGET_NAME)";
				SWIFT_VERSION = 3.0;
			};
			name = Release;
		};
/* End XCBuildConfiguration section */

/* Begin XCConfigurationList section */
		39B55C901DE7DAE800900904 /* Build configuration list for PBXProject "unwind" */ = {
			isa = XCConfigurationList;
			buildConfigurations = (
				39B55CA01DE7DAE800900904 /* Debug */,
				39B55CA11DE7DAE800900904 /* Release */,
			);
			defaultConfigurationIsVisible = 0;
			defaultConfigurationName = Release;
		};
		39B55CA21DE7DAE800900904 /* Build configuration list for PBXNativeTarget "Unwind" */ = {
			isa = XCConfigurationList;
			buildConfigurations = (
				39B55CA31DE7DAE800900904 /* Debug */,
				39B55CA41DE7DAE800900904 /* Release */,
			);
			defaultConfigurationIsVisible = 0;
			defaultConfigurationName = Release;
		};
/* End XCConfigurationList section */
	};
	rootObject = 39B55C8D1DE7DAE800900904 /* Project object */;
}
